
Microsoft Visual Studio Solution File, Format Version 12.00
# Visual Studio Version 16
VisualStudioVersion = 16.0.29102.190
MinimumVisualStudioVersion = 10.0.40219.1
Project("{FAE04EC0-301F-11D3-BF4B-00C04F79EFBC}") = "SeeSharp", "SeeSharp\SeeSharp.csproj", "{D714B650-7E00-46E9-BF66-E841D6D0B1F2}"
EndProject
Global
	GlobalSection(SolutionConfigurationPlatforms) = preSolution
		Debug|Any CPU = Debug|Any CPU
		Release|Any CPU = Release|Any CPU
	EndGlobalSection
	GlobalSection(ProjectConfigurationPlatforms) = postSolution
		{D714B650-7E00-46E9-BF66-E841D6D0B1F2}.Debug|Any CPU.ActiveCfg = Debug|Any CPU
		{D714B650-7E00-46E9-BF66-E841D6D0B1F2}.Debug|Any CPU.Build.0 = Debug|Any CPU
		{D714B650-7E00-46E9-BF66-E841D6D0B1F2}.Release|Any CPU.ActiveCfg = Release|Any CPU
		{D714B650-7E00-46E9-BF66-E841D6D0B1F2}.Release|Any CPU.Build.0 = Release|Any CPU
	EndGlobalSection
	GlobalSection(SolutionProperties) = preSolution
		HideSolutionNode = FALSE
	EndGlobalSection
	GlobalSection(ExtensibilityGlobals) = postSolution
		SolutionGuid = {142928E2-A681-4412-9D22-69D657FE9895}
	EndGlobalSection
EndGlobal
